{
  "lockfile_version": "1",
  "packages": {
    "poetry@latest": {
      "last_modified": "2024-10-09T02:21:25Z",
      "plugin_version": "0.0.4",
      "resolved": "github:NixOS/nixpkgs/2b58bfe2c0d73341362870a0f1e50b2b8f2e4b84#poetry",
      "source": "devbox-search",
      "version": "1.8.3",
      "systems": {
        "aarch64-darwin": {
          "outputs": [
            {
              "name": "out",
              "path": "/nix/store/ckpa79sy4rj1pbplmp74sjx59nw8r4xp-python3.12-poetry-1.8.3",
              "default": true
            },
            {
              "name": "dist",
              "path": "/nix/store/s44zb723g0jxnhxl6llgaz9g9byj5wy5-python3.12-poetry-1.8.3-dist"
            }
          ],
          "store_path": "/nix/store/ckpa79sy4rj1pbplmp74sjx59nw8r4xp-python3.12-poetry-1.8.3"
        },
        "aarch64-linux": {
          "outputs": [
            {
              "name": "out",
              "path": "/nix/store/s1liys3nn0sh28k4izwqs1jiirrvnw79-python3.12-poetry-1.8.3",
              "default": true
            },
            {
              "name": "dist",
              "path": "/nix/store/m7c6ck6h18jxis7l1r4fiw8m0ml16rpq-python3.12-poetry-1.8.3-dist"
            }
          ],
          "store_path": "/nix/store/s1liys3nn0sh28k4izwqs1jiirrvnw79-python3.12-poetry-1.8.3"
        },
        "x86_64-darwin": {
          "outputs": [
            {
              "name": "out",
              "path": "/nix/store/0xffpydiisn36savnslpzsqzrd8hnb08-python3.12-poetry-1.8.3",
              "default": true
            },
            {
              "name": "dist",
              "path": "/nix/store/f53fclsrksrbfnk5ss1s5ydqxr52xbs0-python3.12-poetry-1.8.3-dist"
            }
          ],
          "store_path": "/nix/store/0xffpydiisn36savnslpzsqzrd8hnb08-python3.12-poetry-1.8.3"
        },
        "x86_64-linux": {
          "outputs": [
            {
              "name": "out",
              "path": "/nix/store/nccb1zw832cnd23k1jmv6l3r62njjs6l-python3.12-poetry-1.8.3",
              "default": true
            },
            {
              "name": "dist",
              "path": "/nix/store/0yz46s47qaq6rph8sv17i7lx2d4vjrrf-python3.12-poetry-1.8.3-dist"
            }
          ],
          "store_path": "/nix/store/nccb1zw832cnd23k1jmv6l3r62njjs6l-python3.12-poetry-1.8.3"
        }
      }
    },
    "python@3.12": {
      "last_modified": "2024-09-10T15:01:03Z",
      "plugin_version": "0.0.4",
      "resolved": "github:NixOS/nixpkgs/5ed627539ac84809c78b2dd6d26a5cebeb5ae269#python3",
      "source": "devbox-search",
      "version": "3.12.5",
      "systems": {
        "aarch64-darwin": {
          "outputs": [
            {
              "name": "out",
              "path": "/nix/store/9pj4rzx5pbynkkxq1srzwjhywmcfxws3-python3-3.12.5",
              "default": true
            }
          ],
          "store_path": "/nix/store/9pj4rzx5pbynkkxq1srzwjhywmcfxws3-python3-3.12.5"
        },
        "aarch64-linux": {
          "outputs": [
            {
              "name": "out",
              "path": "/nix/store/6iq3nhgdyp8a5wzwf097zf2mn4zyqxr6-python3-3.12.5",
              "default": true
            },
            {
              "name": "debug",
              "path": "/nix/store/xc4hygp28y7g1rvjf0vi7fj0d83a75pj-python3-3.12.5-debug"
            }
          ],
          "store_path": "/nix/store/6iq3nhgdyp8a5wzwf097zf2mn4zyqxr6-python3-3.12.5"
        },
        "x86_64-darwin": {
          "outputs": [
            {
              "name": "out",
              "path": "/nix/store/ks8acr22s4iggnmvxydm5czl30racy32-python3-3.12.5",
              "default": true
            }
          ],
          "store_path": "/nix/store/ks8acr22s4iggnmvxydm5czl30racy32-python3-3.12.5"
        },
        "x86_64-linux": {
          "outputs": [
            {
              "name": "out",
              "path": "/nix/store/h3i0acpmr8mrjx07519xxmidv8mpax4y-python3-3.12.5",
              "default": true
            },
            {
              "name": "debug",
              "path": "/nix/store/0a39pi2s6kxqc3kjjz2y9yzibd62zhhb-python3-3.12.5-debug"
            }
          ],
          "store_path": "/nix/store/h3i0acpmr8mrjx07519xxmidv8mpax4y-python3-3.12.5"
        }
      }
    }
  }
}
